
Microsoft Visual Studio Solution File, Format Version 12.00
# Visual Studio Version 17
VisualStudioVersion = 17.0.32014.148
MinimumVisualStudioVersion = 10.0.40219.1
Project("{2150E333-8FDC-42A3-9474-1A3956D46DE8}") = "Services", "Services", "{36233B39-5CAA-41AE-93F6-A9FF028FF620}"
EndProject
Project("{2150E333-8FDC-42A3-9474-1A3956D46DE8}") = "Catalog", "Catalog", "{F55DC988-4DDF-4E68-B240-E185CB99985B}"
EndProject
Project("{FAE04EC0-301F-11D3-BF4B-00C04F79EFBC}") = "Catalog.API", "Services\Catalog\Catalog.API\Catalog.API.csproj", "{6BAB17BE-88B5-4F3C-9F91-44E8604C0362}"
EndProject
Project("{FAE04EC0-301F-11D3-BF4B-00C04F79EFBC}") = "BuildingBlocks", "BuildingBlocks\BuildingBlocks\BuildingBlocks.csproj", "{33DD1E3F-A3F3-4335-AE04-51214D5B9858}"
EndProject
Project("{E53339B2-1760-4266-BCC7-CA923CBCF16C}") = "docker-compose", "docker-compose.dcproj", "{E0CE8B33-E76A-41CA-8C47-89CFC32AFD9B}"
EndProject
Project("{2150E333-8FDC-42A3-9474-1A3956D46DE8}") = "Basket", "Basket", "{B374CB56-44E3-4578-BEA3-37AD190DC22D}"
EndProject
Project("{FAE04EC0-301F-11D3-BF4B-00C04F79EFBC}") = "Basket.API", "Services\Basket\Basket.API\Basket.API.csproj", "{21F03638-3751-40B1-8EE3-4B99E20E6EFD}"
EndProject
Project("{2150E333-8FDC-42A3-9474-1A3956D46DE8}") = "Discount", "Discount", "{FC04BA39-63B9-4AAC-91F0-C9764D6780B1}"
EndProject
Project("{FAE04EC0-301F-11D3-BF4B-00C04F79EFBC}") = "Discount.Grpc", "Services\Discount\Discount.Grpc\Discount.Grpc.csproj", "{C65A41FD-25BC-4238-AE45-459F964EBCDB}"
EndProject
Project("{2150E333-8FDC-42A3-9474-1A3956D46DE8}") = "Ordering", "Ordering", "{C25879E7-7D97-4391-BBF5-393ED25962D0}"
EndProject
Project("{FAE04EC0-301F-11D3-BF4B-00C04F79EFBC}") = "Ordering.API", "Services\Ordering\Ordering.API\Ordering.API.csproj", "{DDCF3B24-7C5A-4213-A052-3D2FE678CAE0}"
EndProject
Project("{FAE04EC0-301F-11D3-BF4B-00C04F79EFBC}") = "Ordering.Domain", "Services\Ordering\Ordering.Domain\Ordering.Domain.csproj", "{8314C28B-4745-43B2-A549-79092F21D497}"
EndProject
Project("{FAE04EC0-301F-11D3-BF4B-00C04F79EFBC}") = "Ordering.Application", "Services\Ordering\Ordering.Application\Ordering.Application.csproj", "{A3811672-AEE6-496C-899D-36EBB81B7082}"
EndProject
Project("{FAE04EC0-301F-11D3-BF4B-00C04F79EFBC}") = "Ordering.Infrastructure", "Services\Ordering\Ordering.Infrastructure\Ordering.Infrastructure.csproj", "{0CFD11FD-4A1F-4150-BB9C-0A848867D2B0}"
EndProject
Project("{FAE04EC0-301F-11D3-BF4B-00C04F79EFBC}") = "BuildingBlocks.Messaging", "BuildingBlocks\BuildingBlocks.Messaging\BuildingBlocks.Messaging.csproj", "{92B68D3E-C084-4F22-9C7A-7B827997C42D}"
EndProject
Project("{2150E333-8FDC-42A3-9474-1A3956D46DE8}") = "ApiGateways", "ApiGateways", "{67E97A2F-27CD-41CA-AD34-86D0392F0933}"
EndProject
Project("{FAE04EC0-301F-11D3-BF4B-00C04F79EFBC}") = "YarpApiGateway", "ApiGateways\YarpApiGateway\YarpApiGateway.csproj", "{538434B7-090D-4A85-9577-4EC761950453}"
EndProject
Global
	GlobalSection(SolutionConfigurationPlatforms) = preSolution
		Debug|Any CPU = Debug|Any CPU
		Release|Any CPU = Release|Any CPU
	EndGlobalSection
	GlobalSection(ProjectConfigurationPlatforms) = postSolution
		{6BAB17BE-88B5-4F3C-9F91-44E8604C0362}.Debug|Any CPU.ActiveCfg = Debug|Any CPU
		{6BAB17BE-88B5-4F3C-9F91-44E8604C0362}.Debug|Any CPU.Build.0 = Debug|Any CPU
		{6BAB17BE-88B5-4F3C-9F91-44E8604C0362}.Release|Any CPU.ActiveCfg = Release|Any CPU
		{6BAB17BE-88B5-4F3C-9F91-44E8604C0362}.Release|Any CPU.Build.0 = Release|Any CPU
		{33DD1E3F-A3F3-4335-AE04-51214D5B9858}.Debug|Any CPU.ActiveCfg = Debug|Any CPU
		{33DD1E3F-A3F3-4335-AE04-51214D5B9858}.Debug|Any CPU.Build.0 = Debug|Any CPU
		{33DD1E3F-A3F3-4335-AE04-51214D5B9858}.Release|Any CPU.ActiveCfg = Release|Any CPU
		{33DD1E3F-A3F3-4335-AE04-51214D5B9858}.Release|Any CPU.Build.0 = Release|Any CPU
		{E0CE8B33-E76A-41CA-8C47-89CFC32AFD9B}.Debug|Any CPU.ActiveCfg = Debug|Any CPU
		{E0CE8B33-E76A-41CA-8C47-89CFC32AFD9B}.Debug|Any CPU.Build.0 = Debug|Any CPU
		{E0CE8B33-E76A-41CA-8C47-89CFC32AFD9B}.Release|Any CPU.ActiveCfg = Release|Any CPU
		{E0CE8B33-E76A-41CA-8C47-89CFC32AFD9B}.Release|Any CPU.Build.0 = Release|Any CPU
		{21F03638-3751-40B1-8EE3-4B99E20E6EFD}.Debug|Any CPU.ActiveCfg = Debug|Any CPU
		{21F03638-3751-40B1-8EE3-4B99E20E6EFD}.Debug|Any CPU.Build.0 = Debug|Any CPU
		{21F03638-3751-40B1-8EE3-4B99E20E6EFD}.Release|Any CPU.ActiveCfg = Release|Any CPU
		{21F03638-3751-40B1-8EE3-4B99E20E6EFD}.Release|Any CPU.Build.0 = Release|Any CPU
		{C65A41FD-25BC-4238-AE45-459F964EBCDB}.Debug|Any CPU.ActiveCfg = Debug|Any CPU
		{C65A41FD-25BC-4238-AE45-459F964EBCDB}.Debug|Any CPU.Build.0 = Debug|Any CPU
		{C65A41FD-25BC-4238-AE45-459F964EBCDB}.Release|Any CPU.ActiveCfg = Release|Any CPU
		{C65A41FD-25BC-4238-AE45-459F964EBCDB}.Release|Any CPU.Build.0 = Release|Any CPU
		{DDCF3B24-7C5A-4213-A052-3D2FE678CAE0}.Debug|Any CPU.ActiveCfg = Debug|Any CPU
		{DDCF3B24-7C5A-4213-A052-3D2FE678CAE0}.Debug|Any CPU.Build.0 = Debug|Any CPU
		{DDCF3B24-7C5A-4213-A052-3D2FE678CAE0}.Release|Any CPU.ActiveCfg = Release|Any CPU
		{DDCF3B24-7C5A-4213-A052-3D2FE678CAE0}.Release|Any CPU.Build.0 = Release|Any CPU
		{8314C28B-4745-43B2-A549-79092F21D497}.Debug|Any CPU.ActiveCfg = Debug|Any CPU
		{8314C28B-4745-43B2-A549-79092F21D497}.Debug|Any CPU.Build.0 = Debug|Any CPU
		{8314C28B-4745-43B2-A549-79092F21D497}.Release|Any CPU.ActiveCfg = Release|Any CPU
		{8314C28B-4745-43B2-A549-79092F21D497}.Release|Any CPU.Build.0 = Release|Any CPU
		{A3811672-AEE6-496C-899D-36EBB81B7082}.Debug|Any CPU.ActiveCfg = Debug|Any CPU
		{A3811672-AEE6-496C-899D-36EBB81B7082}.Debug|Any CPU.Build.0 = Debug|Any CPU
		{A3811672-AEE6-496C-899D-36EBB81B7082}.Release|Any CPU.ActiveCfg = Release|Any CPU
		{A3811672-AEE6-496C-899D-36EBB81B7082}.Release|Any CPU.Build.0 = Release|Any CPU
		{0CFD11FD-4A1F-4150-BB9C-0A848867D2B0}.Debug|Any CPU.ActiveCfg = Debug|Any CPU
		{0CFD11FD-4A1F-4150-BB9C-0A848867D2B0}.Debug|Any CPU.Build.0 = Debug|Any CPU
		{0CFD11FD-4A1F-4150-BB9C-0A848867D2B0}.Release|Any CPU.ActiveCfg = Release|Any CPU
		{0CFD11FD-4A1F-4150-BB9C-0A848867D2B0}.Release|Any CPU.Build.0 = Release|Any CPU
		{92B68D3E-C084-4F22-9C7A-7B827997C42D}.Debug|Any CPU.ActiveCfg = Debug|Any CPU
		{92B68D3E-C084-4F22-9C7A-7B827997C42D}.Debug|Any CPU.Build.0 = Debug|Any CPU
		{92B68D3E-C084-4F22-9C7A-7B827997C42D}.Release|Any CPU.ActiveCfg = Release|Any CPU
		{92B68D3E-C084-4F22-9C7A-7B827997C42D}.Release|Any CPU.Build.0 = Release|Any CPU
		{538434B7-090D-4A85-9577-4EC761950453}.Debug|Any CPU.ActiveCfg = Debug|Any CPU
		{538434B7-090D-4A85-9577-4EC761950453}.Debug|Any CPU.Build.0 = Debug|Any CPU
		{538434B7-090D-4A85-9577-4EC761950453}.Release|Any CPU.ActiveCfg = Release|Any CPU
		{538434B7-090D-4A85-9577-4EC761950453}.Release|Any CPU.Build.0 = Release|Any CPU
	EndGlobalSection
	GlobalSection(SolutionProperties) = preSolution
		HideSolutionNode = FALSE
	EndGlobalSection
	GlobalSection(NestedProjects) = preSolution
		{F55DC988-4DDF-4E68-B240-E185CB99985B} = {36233B39-5CAA-41AE-93F6-A9FF028FF620}
		{6BAB17BE-88B5-4F3C-9F91-44E8604C0362} = {F55DC988-4DDF-4E68-B240-E185CB99985B}
		{B374CB56-44E3-4578-BEA3-37AD190DC22D} = {36233B39-5CAA-41AE-93F6-A9FF028FF620}
		{21F03638-3751-40B1-8EE3-4B99E20E6EFD} = {B374CB56-44E3-4578-BEA3-37AD190DC22D}
		{FC04BA39-63B9-4AAC-91F0-C9764D6780B1} = {36233B39-5CAA-41AE-93F6-A9FF028FF620}
		{C65A41FD-25BC-4238-AE45-459F964EBCDB} = {FC04BA39-63B9-4AAC-91F0-C9764D6780B1}
		{C25879E7-7D97-4391-BBF5-393ED25962D0} = {36233B39-5CAA-41AE-93F6-A9FF028FF620}
		{DDCF3B24-7C5A-4213-A052-3D2FE678CAE0} = {C25879E7-7D97-4391-BBF5-393ED25962D0}
		{8314C28B-4745-43B2-A549-79092F21D497} = {C25879E7-7D97-4391-BBF5-393ED25962D0}
		{A3811672-AEE6-496C-899D-36EBB81B7082} = {C25879E7-7D97-4391-BBF5-393ED25962D0}
		{0CFD11FD-4A1F-4150-BB9C-0A848867D2B0} = {C25879E7-7D97-4391-BBF5-393ED25962D0}
		{538434B7-090D-4A85-9577-4EC761950453} = {67E97A2F-27CD-41CA-AD34-86D0392F0933}
	EndGlobalSection
	GlobalSection(ExtensibilityGlobals) = postSolution
		SolutionGuid = {17AA2290-49B5-46D8-9161-375A8C0B32C1}
	EndGlobalSection
EndGlobal
